
Microsoft Visual Studio Solution File, Format Version 12.00
# Visual Studio Version 17
VisualStudioVersion = 17.13.35931.197 d17.13
MinimumVisualStudioVersion = 10.0.40219.1
Project("{FAE04EC0-301F-11D3-BF4B-00C04F79EFBC}") = "CredVault.API", "CredVault.API\CredVault.API.csproj", "{ECE79B37-92A0-43FB-A6C4-EE5F9A1072B7}"
EndProject
Global
	GlobalSection(SolutionConfigurationPlatforms) = preSolution
		Debug|Any CPU = Debug|Any CPU
		Release|Any CPU = Release|Any CPU
	EndGlobalSection
	GlobalSection(ProjectConfigurationPlatforms) = postSolution
		{ECE79B37-92A0-43FB-A6C4-EE5F9A1072B7}.Debug|Any CPU.ActiveCfg = Debug|Any CPU
		{ECE79B37-92A0-43FB-A6C4-EE5F9A1072B7}.Debug|Any CPU.Build.0 = Debug|Any CPU
		{ECE79B37-92A0-43FB-A6C4-EE5F9A1072B7}.Release|Any CPU.ActiveCfg = Release|Any CPU
		{ECE79B37-92A0-43FB-A6C4-EE5F9A1072B7}.Release|Any CPU.Build.0 = Release|Any CPU
	EndGlobalSection
	GlobalSection(SolutionProperties) = preSolution
		HideSolutionNode = FALSE
	EndGlobalSection
	GlobalSection(ExtensibilityGlobals) = postSolution
		SolutionGuid = {116C0313-814D-4B75-9148-816E09E66D7B}
	EndGlobalSection
EndGlobal
